
Microsoft Visual Studio Solution File, Format Version 12.00
# Visual Studio Version 17
VisualStudioVersion = 17.2.32526.322
MinimumVisualStudioVersion = 10.0.40219.1
Project("{FAE04EC0-301F-11D3-BF4B-00C04F79EFBC}") = "AutoHideTab", "AutoHideTab\AutoHideTab.csproj", "{815077C0-7C8E-4AD1-93E2-478BEC395CC8}"
EndProject
Global
	GlobalSection(SolutionConfigurationPlatforms) = preSolution
		Debug|Any CPU = Debug|Any CPU
		Release|Any CPU = Release|Any CPU
	EndGlobalSection
	GlobalSection(ProjectConfigurationPlatforms) = postSolution
		{815077C0-7C8E-4AD1-93E2-478BEC395CC8}.Debug|Any CPU.ActiveCfg = Debug|Any CPU
		{815077C0-7C8E-4AD1-93E2-478BEC395CC8}.Debug|Any CPU.Build.0 = Debug|Any CPU
		{815077C0-7C8E-4AD1-93E2-478BEC395CC8}.Release|Any CPU.ActiveCfg = Release|Any CPU
		{815077C0-7C8E-4AD1-93E2-478BEC395CC8}.Release|Any CPU.Build.0 = Release|Any CPU
	EndGlobalSection
	GlobalSection(SolutionProperties) = preSolution
		HideSolutionNode = FALSE
	EndGlobalSection
	GlobalSection(ExtensibilityGlobals) = postSolution
		SolutionGuid = {C25EFB9F-038A-453C-8D8B-27220FC8C361}
	EndGlobalSection
EndGlobal
